
Microsoft Visual Studio Solution File, Format Version 12.00
# Visual Studio Version 16
VisualStudioVersion = 16.0.30114.105
MinimumVisualStudioVersion = 10.0.40219.1
Project("{9A19103F-16F7-4668-BE54-9A1E7A4F7556}") = "CSample", "src\CSample.csproj", "{9AD3BFF7-994E-4804-B5ED-B6DFB7AF526B}"
EndProject
Project("{2150E333-8FDC-42A3-9474-1A3956D46DE8}") = "test", "test", "{EDF18768-EDAD-4553-985C-B599A6231A23}"
EndProject
Project("{9A19103F-16F7-4668-BE54-9A1E7A4F7556}") = "CSample.Tests", "test\CSample.Tests\CSample.Tests.csproj", "{96724260-1FED-40FC-9574-603ECFF69CF2}"
EndProject
Project("{2150E333-8FDC-42A3-9474-1A3956D46DE8}") = "src", "src", "{015F8188-2CBA-42E3-8A30-179B2E5AA859}"
EndProject
Global
	GlobalSection(SolutionConfigurationPlatforms) = preSolution
		Debug|Any CPU = Debug|Any CPU
		Debug|x64 = Debug|x64
		Debug|x86 = Debug|x86
		Release|Any CPU = Release|Any CPU
		Release|x64 = Release|x64
		Release|x86 = Release|x86
	EndGlobalSection
	GlobalSection(ProjectConfigurationPlatforms) = postSolution
		{9AD3BFF7-994E-4804-B5ED-B6DFB7AF526B}.Debug|Any CPU.ActiveCfg = Debug|Any CPU
		{9AD3BFF7-994E-4804-B5ED-B6DFB7AF526B}.Debug|Any CPU.Build.0 = Debug|Any CPU
		{9AD3BFF7-994E-4804-B5ED-B6DFB7AF526B}.Debug|x64.ActiveCfg = Debug|Any CPU
		{9AD3BFF7-994E-4804-B5ED-B6DFB7AF526B}.Debug|x64.Build.0 = Debug|Any CPU
		{9AD3BFF7-994E-4804-B5ED-B6DFB7AF526B}.Debug|x86.ActiveCfg = Debug|Any CPU
		{9AD3BFF7-994E-4804-B5ED-B6DFB7AF526B}.Debug|x86.Build.0 = Debug|Any CPU
		{9AD3BFF7-994E-4804-B5ED-B6DFB7AF526B}.Release|Any CPU.ActiveCfg = Release|Any CPU
		{9AD3BFF7-994E-4804-B5ED-B6DFB7AF526B}.Release|Any CPU.Build.0 = Release|Any CPU
		{9AD3BFF7-994E-4804-B5ED-B6DFB7AF526B}.Release|x64.ActiveCfg = Release|Any CPU
		{9AD3BFF7-994E-4804-B5ED-B6DFB7AF526B}.Release|x64.Build.0 = Release|Any CPU
		{9AD3BFF7-994E-4804-B5ED-B6DFB7AF526B}.Release|x86.ActiveCfg = Release|Any CPU
		{9AD3BFF7-994E-4804-B5ED-B6DFB7AF526B}.Release|x86.Build.0 = Release|Any CPU
		{96724260-1FED-40FC-9574-603ECFF69CF2}.Debug|Any CPU.ActiveCfg = Debug|Any CPU
		{96724260-1FED-40FC-9574-603ECFF69CF2}.Debug|Any CPU.Build.0 = Debug|Any CPU
		{96724260-1FED-40FC-9574-603ECFF69CF2}.Debug|x64.ActiveCfg = Debug|Any CPU
		{96724260-1FED-40FC-9574-603ECFF69CF2}.Debug|x64.Build.0 = Debug|Any CPU
		{96724260-1FED-40FC-9574-603ECFF69CF2}.Debug|x86.ActiveCfg = Debug|Any CPU
		{96724260-1FED-40FC-9574-603ECFF69CF2}.Debug|x86.Build.0 = Debug|Any CPU
		{96724260-1FED-40FC-9574-603ECFF69CF2}.Release|Any CPU.ActiveCfg = Release|Any CPU
		{96724260-1FED-40FC-9574-603ECFF69CF2}.Release|Any CPU.Build.0 = Release|Any CPU
		{96724260-1FED-40FC-9574-603ECFF69CF2}.Release|x64.ActiveCfg = Release|Any CPU
		{96724260-1FED-40FC-9574-603ECFF69CF2}.Release|x64.Build.0 = Release|Any CPU
		{96724260-1FED-40FC-9574-603ECFF69CF2}.Release|x86.ActiveCfg = Release|Any CPU
		{96724260-1FED-40FC-9574-603ECFF69CF2}.Release|x86.Build.0 = Release|Any CPU
	EndGlobalSection
	GlobalSection(SolutionProperties) = preSolution
		HideSolutionNode = FALSE
	EndGlobalSection
	GlobalSection(NestedProjects) = preSolution
		{9AD3BFF7-994E-4804-B5ED-B6DFB7AF526B} = {015F8188-2CBA-42E3-8A30-179B2E5AA859}
		{96724260-1FED-40FC-9574-603ECFF69CF2} = {EDF18768-EDAD-4553-985C-B599A6231A23}
	EndGlobalSection
	GlobalSection(ExtensibilityGlobals) = postSolution
		SolutionGuid = {7D6587CC-99FD-4270-8732-9CEF1CE88A4A}
	EndGlobalSection
EndGlobal
